
Microsoft Visual Studio Solution File, Format Version 12.00
# Visual Studio Version 17
VisualStudioVersion = 17.4.33403.182
MinimumVisualStudioVersion = 10.0.40219.1
Project("{FAE04EC0-301F-11D3-BF4B-00C04F79EFBC}") = "Bagger", "Bagger\Bagger.csproj", "{A29F2CFC-4D2C-4406-9F04-83617BA27169}"
EndProject
Global
	GlobalSection(SolutionConfigurationPlatforms) = preSolution
		Debug|Any CPU = Debug|Any CPU
		Release|Any CPU = Release|Any CPU
	EndGlobalSection
	GlobalSection(ProjectConfigurationPlatforms) = postSolution
		{A29F2CFC-4D2C-4406-9F04-83617BA27169}.Debug|Any CPU.ActiveCfg = Debug|Any CPU
		{A29F2CFC-4D2C-4406-9F04-83617BA27169}.Debug|Any CPU.Build.0 = Debug|Any CPU
		{A29F2CFC-4D2C-4406-9F04-83617BA27169}.Release|Any CPU.ActiveCfg = Release|Any CPU
		{A29F2CFC-4D2C-4406-9F04-83617BA27169}.Release|Any CPU.Build.0 = Release|Any CPU
	EndGlobalSection
	GlobalSection(SolutionProperties) = preSolution
		HideSolutionNode = FALSE
	EndGlobalSection
	GlobalSection(ExtensibilityGlobals) = postSolution
		SolutionGuid = {EE3F6B7C-CADF-4D3C-9763-89CF959B2675}
	EndGlobalSection
EndGlobal
